
Microsoft Visual Studio Solution File, Format Version 12.00
# Visual Studio Version 17
VisualStudioVersion = 17.3.32825.248
MinimumVisualStudioVersion = 10.0.40219.1
Project("{FAE04EC0-301F-11D3-BF4B-00C04F79EFBC}") = "Calculadora", "Calculadora\Calculadora.csproj", "{52D8E2F0-0E49-4296-9CCE-EE1D07FAFFAB}"
EndProject
Global
	GlobalSection(SolutionConfigurationPlatforms) = preSolution
		Debug|Any CPU = Debug|Any CPU
		Release|Any CPU = Release|Any CPU
	EndGlobalSection
	GlobalSection(ProjectConfigurationPlatforms) = postSolution
		{52D8E2F0-0E49-4296-9CCE-EE1D07FAFFAB}.Debug|Any CPU.ActiveCfg = Debug|Any CPU
		{52D8E2F0-0E49-4296-9CCE-EE1D07FAFFAB}.Debug|Any CPU.Build.0 = Debug|Any CPU
		{52D8E2F0-0E49-4296-9CCE-EE1D07FAFFAB}.Release|Any CPU.ActiveCfg = Release|Any CPU
		{52D8E2F0-0E49-4296-9CCE-EE1D07FAFFAB}.Release|Any CPU.Build.0 = Release|Any CPU
	EndGlobalSection
	GlobalSection(SolutionProperties) = preSolution
		HideSolutionNode = FALSE
	EndGlobalSection
	GlobalSection(ExtensibilityGlobals) = postSolution
		SolutionGuid = {F95B8ACE-4E33-4CAA-B6B7-0BADBE065D66}
	EndGlobalSection
EndGlobal
